
Microsoft Visual Studio Solution File, Format Version 12.00
# Visual Studio Version 17
VisualStudioVersion = 17.5.33414.496
MinimumVisualStudioVersion = 10.0.40219.1
Project("{9A19103F-16F7-4668-BE54-9A1E7A4F7556}") = "ChallengeApp", "ChallengeApp\ChallengeApp.csproj", "{34B8501C-F25D-4D1B-92B0-4A868888E585}"
EndProject
Project("{FAE04EC0-301F-11D3-BF4B-00C04F79EFBC}") = "ChallengeApp.Tests", "ChallengeApp.Tests\ChallengeApp.Tests.csproj", "{192A7FB6-DA33-4693-A405-689AECB6C6D0}"
EndProject
Global
	GlobalSection(SolutionConfigurationPlatforms) = preSolution
		Debug|Any CPU = Debug|Any CPU
		Release|Any CPU = Release|Any CPU
	EndGlobalSection
	GlobalSection(ProjectConfigurationPlatforms) = postSolution
		{34B8501C-F25D-4D1B-92B0-4A868888E585}.Debug|Any CPU.ActiveCfg = Debug|Any CPU
		{34B8501C-F25D-4D1B-92B0-4A868888E585}.Debug|Any CPU.Build.0 = Debug|Any CPU
		{34B8501C-F25D-4D1B-92B0-4A868888E585}.Release|Any CPU.ActiveCfg = Release|Any CPU
		{34B8501C-F25D-4D1B-92B0-4A868888E585}.Release|Any CPU.Build.0 = Release|Any CPU
		{192A7FB6-DA33-4693-A405-689AECB6C6D0}.Debug|Any CPU.ActiveCfg = Debug|Any CPU
		{192A7FB6-DA33-4693-A405-689AECB6C6D0}.Debug|Any CPU.Build.0 = Debug|Any CPU
		{192A7FB6-DA33-4693-A405-689AECB6C6D0}.Release|Any CPU.ActiveCfg = Release|Any CPU
		{192A7FB6-DA33-4693-A405-689AECB6C6D0}.Release|Any CPU.Build.0 = Release|Any CPU
	EndGlobalSection
	GlobalSection(SolutionProperties) = preSolution
		HideSolutionNode = FALSE
	EndGlobalSection
	GlobalSection(ExtensibilityGlobals) = postSolution
		SolutionGuid = {5AB0434F-0917-4EC4-BF1B-C15A253AD8C0}
	EndGlobalSection
EndGlobal
